// !$*UTF8*$!
{
	archiveVersion = 1;
	classes = {
	};
	objectVersion = 50;
	objects = {

/* Begin PBXBuildFile section */
		1B351DF625CC752900383A30 /* AppDelegate.swift in Sources */ = {isa = PBXBuildFile; fileRef = 1B351DF525CC752900383A30 /* AppDelegate.swift */; };
		1B351DF825CC752900383A30 /* SceneDelegate.swift in Sources */ = {isa = PBXBuildFile; fileRef = 1B351DF725CC752900383A30 /* SceneDelegate.swift */; };
		1B351DFF25CC752900383A30 /* Assets.xcassets in Resources */ = {isa = PBXBuildFile; fileRef = 1B351DFE25CC752900383A30 /* Assets.xcassets */; };
		1B351E0225CC752900383A30 /* LaunchScreen.storyboard in Resources */ = {isa = PBXBuildFile; fileRef = 1B351E0025CC752900383A30 /* LaunchScreen.storyboard */; };
		1B351E1925CC7A2600383A30 /* ListTableViewController.swift in Sources */ = {isa = PBXBuildFile; fileRef = 1B351E1825CC7A2600383A30 /* ListTableViewController.swift */; };
		1B351E1C25CC7A9F00383A30 /* ListViewModel.swift in Sources */ = {isa = PBXBuildFile; fileRef = 1B351E1B25CC7A9F00383A30 /* ListViewModel.swift */; };
		1B351E1F25CC7CB100383A30 /* Pryaniky.swift in Sources */ = {isa = PBXBuildFile; fileRef = 1B351E1E25CC7CB100383A30 /* Pryaniky.swift */; };
		1B351E2825CC82D800383A30 /* NetworkManager.swift in Sources */ = {isa = PBXBuildFile; fileRef = 1B351E2725CC82D800383A30 /* NetworkManager.swift */; };
		1B351E2B25CC837500383A30 /* ImageManager.swift in Sources */ = {isa = PBXBuildFile; fileRef = 1B351E2A25CC837500383A30 /* ImageManager.swift */; };
		1B351E3325CCA25300383A30 /* CellViewModel.swift in Sources */ = {isa = PBXBuildFile; fileRef = 1B351E3225CCA25300383A30 /* CellViewModel.swift */; };
		1B351E3625CCA8B000383A30 /* TableViewCell.swift in Sources */ = {isa = PBXBuildFile; fileRef = 1B351E3525CCA8B000383A30 /* TableViewCell.swift */; };
		1B351E3925CCB15300383A30 /* DetailsViewController.swift in Sources */ = {isa = PBXBuildFile; fileRef = 1B351E3825CCB15300383A30 /* DetailsViewController.swift */; };
		1B351E3C25CCB17100383A30 /* DetailsViewModel.swift in Sources */ = {isa = PBXBuildFile; fileRef = 1B351E3B25CCB17100383A30 /* DetailsViewModel.swift */; };
		1B351E4025CCB95D00383A30 /* UIStackView.swift in Sources */ = {isa = PBXBuildFile; fileRef = 1B351E3F25CCB95D00383A30 /* UIStackView.swift */; };
/* End PBXBuildFile section */

/* Begin PBXFileReference section */
		1B351DF225CC752900383A30 /* Pryaniky.app */ = {isa = PBXFileReference; explicitFileType = wrapper.application; includeInIndex = 0; path = Pryaniky.app; sourceTree = BUILT_PRODUCTS_DIR; };
		1B351DF525CC752900383A30 /* AppDelegate.swift */ = {isa = PBXFileReference; lastKnownFileType = sourcecode.swift; path = AppDelegate.swift; sourceTree = "<group>"; };
		1B351DF725CC752900383A30 /* SceneDelegate.swift */ = {isa = PBXFileReference; lastKnownFileType = sourcecode.swift; path = SceneDelegate.swift; sourceTree = "<group>"; };
		1B351DFE25CC752900383A30 /* Assets.xcassets */ = {isa = PBXFileReference; lastKnownFileType = folder.assetcatalog; path = Assets.xcassets; sourceTree = "<group>"; };
		1B351E0125CC752900383A30 /* Base */ = {isa = PBXFileReference; lastKnownFileType = file.storyboard; name = Base; path = Base.lproj/LaunchScreen.storyboard; sourceTree = "<group>"; };
		1B351E0325CC752900383A30 /* Info.plist */ = {isa = PBXFileReference; lastKnownFileType = text.plist.xml; path = Info.plist; sourceTree = "<group>"; };
		1B351E1825CC7A2600383A30 /* ListTableViewController.swift */ = {isa = PBXFileReference; lastKnownFileType = sourcecode.swift; path = ListTableViewController.swift; sourceTree = "<group>"; };
		1B351E1B25CC7A9F00383A30 /* ListViewModel.swift */ = {isa = PBXFileReference; lastKnownFileType = sourcecode.swift; path = ListViewModel.swift; sourceTree = "<group>"; };
		1B351E1E25CC7CB100383A30 /* Pryaniky.swift */ = {isa = PBXFileReference; lastKnownFileType = sourcecode.swift; path = Pryaniky.swift; sourceTree = "<group>"; };
		1B351E2725CC82D800383A30 /* NetworkManager.swift */ = {isa = PBXFileReference; lastKnownFileType = sourcecode.swift; path = NetworkManager.swift; sourceTree = "<group>"; };
		1B351E2A25CC837500383A30 /* ImageManager.swift */ = {isa = PBXFileReference; lastKnownFileType = sourcecode.swift; path = ImageManager.swift; sourceTree = "<group>"; };
		1B351E3225CCA25300383A30 /* CellViewModel.swift */ = {isa = PBXFileReference; lastKnownFileType = sourcecode.swift; path = CellViewModel.swift; sourceTree = "<group>"; };
		1B351E3525CCA8B000383A30 /* TableViewCell.swift */ = {isa = PBXFileReference; lastKnownFileType = sourcecode.swift; path = TableViewCell.swift; sourceTree = "<group>"; };
		1B351E3825CCB15300383A30 /* DetailsViewController.swift */ = {isa = PBXFileReference; lastKnownFileType = sourcecode.swift; path = DetailsViewController.swift; sourceTree = "<group>"; };
		1B351E3B25CCB17100383A30 /* DetailsViewModel.swift */ = {isa = PBXFileReference; lastKnownFileType = sourcecode.swift; path = DetailsViewModel.swift; sourceTree = "<group>"; };
		1B351E3F25CCB95D00383A30 /* UIStackView.swift */ = {isa = PBXFileReference; lastKnownFileType = sourcecode.swift; path = UIStackView.swift; sourceTree = "<group>"; };
/* End PBXFileReference section */

/* Begin PBXFrameworksBuildPhase section */
		1B351DEF25CC752900383A30 /* Frameworks */ = {
			isa = PBXFrameworksBuildPhase;
			buildActionMask = 2147483647;
			files = (
			);
			runOnlyForDeploymentPostprocessing = 0;
		};
/* End PBXFrameworksBuildPhase section */

/* Begin PBXGroup section */
		1B351DE925CC752900383A30 = {
			isa = PBXGroup;
			children = (
				1B351DF425CC752900383A30 /* Pryaniky */,
				1B351DF325CC752900383A30 /* Products */,
			);
			sourceTree = "<group>";
		};
		1B351DF325CC752900383A30 /* Products */ = {
			isa = PBXGroup;
			children = (
				1B351DF225CC752900383A30 /* Pryaniky.app */,
			);
			name = Products;
			sourceTree = "<group>";
		};
		1B351DF425CC752900383A30 /* Pryaniky */ = {
			isa = PBXGroup;
			children = (
				1B351E0B25CC762500383A30 /* ListViewController */,
				1B351E0C25CC763A00383A30 /* DetailsViewController */,
				1B351E0D25CC764D00383A30 /* Models */,
				1B351E0E25CC765700383A30 /* Services */,
				1B351E1225CC772200383A30 /* Storyboard */,
				1B351E0F25CC766500383A30 /* Supporting Files */,
				1B351E1025CC766D00383A30 /* Resources */,
			);
			path = Pryaniky;
			sourceTree = "<group>";
		};
		1B351E0B25CC762500383A30 /* ListViewController */ = {
			isa = PBXGroup;
			children = (
				1B351E1825CC7A2600383A30 /* ListTableViewController.swift */,
				1B351E1B25CC7A9F00383A30 /* ListViewModel.swift */,
				1B351E3525CCA8B000383A30 /* TableViewCell.swift */,
				1B351E3225CCA25300383A30 /* CellViewModel.swift */,
			);
			path = ListViewController;
			sourceTree = "<group>";
		};
		1B351E0C25CC763A00383A30 /* DetailsViewController */ = {
			isa = PBXGroup;
			children = (
				1B351E3825CCB15300383A30 /* DetailsViewController.swift */,
				1B351E3B25CCB17100383A30 /* DetailsViewModel.swift */,
			);
			path = DetailsViewController;
			sourceTree = "<group>";
		};
		1B351E0D25CC764D00383A30 /* Models */ = {
			isa = PBXGroup;
			children = (
				1B351E1E25CC7CB100383A30 /* Pryaniky.swift */,
			);
			path = Models;
			sourceTree = "<group>";
		};
		1B351E0E25CC765700383A30 /* Services */ = {
			isa = PBXGroup;
			children = (
				1B351E2725CC82D800383A30 /* NetworkManager.swift */,
				1B351E2A25CC837500383A30 /* ImageManager.swift */,
			);
			path = Services;
			sourceTree = "<group>";
		};
		1B351E0F25CC766500383A30 /* Supporting Files */ = {
			isa = PBXGroup;
			children = (
				1B351E4525CCD24000383A30 /* Extensions */,
				1B351E0325CC752900383A30 /* Info.plist */,
				1B351DF725CC752900383A30 /* SceneDelegate.swift */,
				1B351DF525CC752900383A30 /* AppDelegate.swift */,
			);
			path = "Supporting Files";
			sourceTree = "<group>";
		};
		1B351E1025CC766D00383A30 /* Resources */ = {
			isa = PBXGroup;
			children = (
				1B351DFE25CC752900383A30 /* Assets.xcassets */,
			);
			path = Resources;
			sourceTree = "<group>";
		};
		1B351E1225CC772200383A30 /* Storyboard */ = {
			isa = PBXGroup;
			children = (
				1B351E0025CC752900383A30 /* LaunchScreen.storyboard */,
			);
			path = Storyboard;
			sourceTree = "<group>";
		};
		1B351E4525CCD24000383A30 /* Extensions */ = {
			isa = PBXGroup;
			children = (
				1B351E3F25CCB95D00383A30 /* UIStackView.swift */,
			);
			path = Extensions;
			sourceTree = "<group>";
		};
/* End PBXGroup section */

/* Begin PBXNativeTarget section */
		1B351DF125CC752900383A30 /* Pryaniky */ = {
			isa = PBXNativeTarget;
			buildConfigurationList = 1B351E0625CC752900383A30 /* Build configuration list for PBXNativeTarget "Pryaniky" */;
			buildPhases = (
				1B351DEE25CC752900383A30 /* Sources */,
				1B351DEF25CC752900383A30 /* Frameworks */,
				1B351DF025CC752900383A30 /* Resources */,
			);
			buildRules = (
			);
			dependencies = (
			);
			name = Pryaniky;
			productName = Pryaniky;
			productReference = 1B351DF225CC752900383A30 /* Pryaniky.app */;
			productType = "com.apple.product-type.application";
		};
/* End PBXNativeTarget section */

/* Begin PBXProject section */
		1B351DEA25CC752900383A30 /* Project object */ = {
			isa = PBXProject;
			attributes = {
				LastSwiftUpdateCheck = 1240;
				LastUpgradeCheck = 1240;
				TargetAttributes = {
					1B351DF125CC752900383A30 = {
						CreatedOnToolsVersion = 12.4;
					};
				};
			};
			buildConfigurationList = 1B351DED25CC752900383A30 /* Build configuration list for PBXProject "Pryaniky" */;
			compatibilityVersion = "Xcode 9.3";
			developmentRegion = en;
			hasScannedForEncodings = 0;
			knownRegions = (
				en,
				Base,
			);
			mainGroup = 1B351DE925CC752900383A30;
			productRefGroup = 1B351DF325CC752900383A30 /* Products */;
			projectDirPath = "";
			projectRoot = "";
			targets = (
				1B351DF125CC752900383A30 /* Pryaniky */,
			);
		};
/* End PBXProject section */

/* Begin PBXResourcesBuildPhase section */
		1B351DF025CC752900383A30 /* Resources */ = {
			isa = PBXResourcesBuildPhase;
			buildActionMask = 2147483647;
			files = (
				1B351E0225CC752900383A30 /* LaunchScreen.storyboard in Resources */,
				1B351DFF25CC752900383A30 /* Assets.xcassets in Resources */,
			);
			runOnlyForDeploymentPostprocessing = 0;
		};
/* End PBXResourcesBuildPhase section */

/* Begin PBXSourcesBuildPhase section */
		1B351DEE25CC752900383A30 /* Sources */ = {
			isa = PBXSourcesBuildPhase;
			buildActionMask = 2147483647;
			files = (
				1B351E1F25CC7CB100383A30 /* Pryaniky.swift in Sources */,
				1B351E1C25CC7A9F00383A30 /* ListViewModel.swift in Sources */,
				1B351E3925CCB15300383A30 /* DetailsViewController.swift in Sources */,
				1B351E2B25CC837500383A30 /* ImageManager.swift in Sources */,
				1B351E3325CCA25300383A30 /* CellViewModel.swift in Sources */,
				1B351E2825CC82D800383A30 /* NetworkManager.swift in Sources */,
				1B351DF625CC752900383A30 /* AppDelegate.swift in Sources */,
				1B351E3625CCA8B000383A30 /* TableViewCell.swift in Sources */,
				1B351E1925CC7A2600383A30 /* ListTableViewController.swift in Sources */,
				1B351DF825CC752900383A30 /* SceneDelegate.swift in Sources */,
				1B351E4025CCB95D00383A30 /* UIStackView.swift in Sources */,
				1B351E3C25CCB17100383A30 /* DetailsViewModel.swift in Sources */,
			);
			runOnlyForDeploymentPostprocessing = 0;
		};
/* End PBXSourcesBuildPhase section */

/* Begin PBXVariantGroup section */
		1B351E0025CC752900383A30 /* LaunchScreen.storyboard */ = {
			isa = PBXVariantGroup;
			children = (
				1B351E0125CC752900383A30 /* Base */,
			);
			name = LaunchScreen.storyboard;
			sourceTree = "<group>";
		};
/* End PBXVariantGroup section */

/* Begin XCBuildConfiguration section */
		1B351E0425CC752900383A30 /* Debug */ = {
			isa = XCBuildConfiguration;
			buildSettings = {
				ALWAYS_SEARCH_USER_PATHS = NO;
				CLANG_ANALYZER_NONNULL = YES;
				CLANG_ANALYZER_NUMBER_OBJECT_CONVERSION = YES_AGGRESSIVE;
				CLANG_CXX_LANGUAGE_STANDARD = "gnu++14";
				CLANG_CXX_LIBRARY = "libc++";
				CLANG_ENABLE_MODULES = YES;
				CLANG_ENABLE_OBJC_ARC = YES;
				CLANG_ENABLE_OBJC_WEAK = YES;
				CLANG_WARN_BLOCK_CAPTURE_AUTORELEASING = YES;
				CLANG_WARN_BOOL_CONVERSION = YES;
				CLANG_WARN_COMMA = YES;
				CLANG_WARN_CONSTANT_CONVERSION = YES;
				CLANG_WARN_DEPRECATED_OBJC_IMPLEMENTATIONS = YES;
				CLANG_WARN_DIRECT_OBJC_ISA_USAGE = YES_ERROR;
				CLANG_WARN_DOCUMENTATION_COMMENTS = YES;
				CLANG_WARN_EMPTY_BODY = YES;
				CLANG_WARN_ENUM_CONVERSION = YES;
				CLANG_WARN_INFINITE_RECURSION = YES;
				CLANG_WARN_INT_CONVERSION = YES;
				CLANG_WARN_NON_LITERAL_NULL_CONVERSION = YES;
				CLANG_WARN_OBJC_IMPLICIT_RETAIN_SELF = YES;
				CLANG_WARN_OBJC_LITERAL_CONVERSION = YES;
				CLANG_WARN_OBJC_ROOT_CLASS = YES_ERROR;
				CLANG_WARN_QUOTED_INCLUDE_IN_FRAMEWORK_HEADER = YES;
				CLANG_WARN_RANGE_LOOP_ANALYSIS = YES;
				CLANG_WARN_STRICT_PROTOTYPES = YES;
				CLANG_WARN_SUSPICIOUS_MOVE = YES;
				CLANG_WARN_UNGUARDED_AVAILABILITY = YES_AGGRESSIVE;
				CLANG_WARN_UNREACHABLE_CODE = YES;
				CLANG_WARN__DUPLICATE_METHOD_MATCH = YES;
				COPY_PHASE_STRIP = NO;
				DEBUG_INFORMATION_FORMAT = dwarf;
				ENABLE_STRICT_OBJC_MSGSEND = YES;
				ENABLE_TESTABILITY = YES;
				GCC_C_LANGUAGE_STANDARD = gnu11;
				GCC_DYNAMIC_NO_PIC = NO;
				GCC_NO_COMMON_BLOCKS = YES;
				GCC_OPTIMIZATION_LEVEL = 0;
				GCC_PREPROCESSOR_DEFINITIONS = (
					"DEBUG=1",
					"$(inherited)",
				);
				GCC_WARN_64_TO_32_BIT_CONVERSION = YES;
				GCC_WARN_ABOUT_RETURN_TYPE = YES_ERROR;
				GCC_WARN_UNDECLARED_SELECTOR = YES;
				GCC_WARN_UNINITIALIZED_AUTOS = YES_AGGRESSIVE;
				GCC_WARN_UNUSED_FUNCTION = YES;
				GCC_WARN_UNUSED_VARIABLE = YES;
				IPHONEOS_DEPLOYMENT_TARGET = 13.0;
				MTL_ENABLE_DEBUG_INFO = INCLUDE_SOURCE;
				MTL_FAST_MATH = YES;
				ONLY_ACTIVE_ARCH = YES;
				SDKROOT = iphoneos;
				SWIFT_ACTIVE_COMPILATION_CONDITIONS = DEBUG;
				SWIFT_OPTIMIZATION_LEVEL = "-Onone";
			};
			name = Debug;
		};
		1B351E0525CC752900383A30 /* Release */ = {
			isa = XCBuildConfiguration;
			buildSettings = {
				ALWAYS_SEARCH_USER_PATHS = NO;
				CLANG_ANALYZER_NONNULL = YES;
				CLANG_ANALYZER_NUMBER_OBJECT_CONVERSION = YES_AGGRESSIVE;
				CLANG_CXX_LANGUAGE_STANDARD = "gnu++14";
				CLANG_CXX_LIBRARY = "libc++";
				CLANG_ENABLE_MODULES = YES;
				CLANG_ENABLE_OBJC_ARC = YES;
				CLANG_ENABLE_OBJC_WEAK = YES;
				CLANG_WARN_BLOCK_CAPTURE_AUTORELEASING = YES;
				CLANG_WARN_BOOL_CONVERSION = YES;
				CLANG_WARN_COMMA = YES;
				CLANG_WARN_CONSTANT_CONVERSION = YES;
				CLANG_WARN_DEPRECATED_OBJC_IMPLEMENTATIONS = YES;
				CLANG_WARN_DIRECT_OBJC_ISA_USAGE = YES_ERROR;
				CLANG_WARN_DOCUMENTATION_COMMENTS = YES;
				CLANG_WARN_EMPTY_BODY = YES;
				CLANG_WARN_ENUM_CONVERSION = YES;
				CLANG_WARN_INFINITE_RECURSION = YES;
				CLANG_WARN_INT_CONVERSION = YES;
				CLANG_WARN_NON_LITERAL_NULL_CONVERSION = YES;
				CLANG_WARN_OBJC_IMPLICIT_RETAIN_SELF = YES;
				CLANG_WARN_OBJC_LITERAL_CONVERSION = YES;
				CLANG_WARN_OBJC_ROOT_CLASS = YES_ERROR;
				CLANG_WARN_QUOTED_INCLUDE_IN_FRAMEWORK_HEADER = YES;
				CLANG_WARN_RANGE_LOOP_ANALYSIS = YES;
				CLANG_WARN_STRICT_PROTOTYPES = YES;
				CLANG_WARN_SUSPICIOUS_MOVE = YES;
				CLANG_WARN_UNGUARDED_AVAILABILITY = YES_AGGRESSIVE;
				CLANG_WARN_UNREACHABLE_CODE = YES;
				CLANG_WARN__DUPLICATE_METHOD_MATCH = YES;
				COPY_PHASE_STRIP = NO;
				DEBUG_INFORMATION_FORMAT = "dwarf-with-dsym";
				ENABLE_NS_ASSERTIONS = NO;
				ENABLE_STRICT_OBJC_MSGSEND = YES;
				GCC_C_LANGUAGE_STANDARD = gnu11;
				GCC_NO_COMMON_BLOCKS = YES;
				GCC_WARN_64_TO_32_BIT_CONVERSION = YES;
				GCC_WARN_ABOUT_RETURN_TYPE = YES_ERROR;
				GCC_WARN_UNDECLARED_SELECTOR = YES;
				GCC_WARN_UNINITIALIZED_AUTOS = YES_AGGRESSIVE;
				GCC_WARN_UNUSED_FUNCTION = YES;
				GCC_WARN_UNUSED_VARIABLE = YES;
				IPHONEOS_DEPLOYMENT_TARGET = 13.0;
				MTL_ENABLE_DEBUG_INFO = NO;
				MTL_FAST_MATH = YES;
				SDKROOT = iphoneos;
				SWIFT_COMPILATION_MODE = wholemodule;
				SWIFT_OPTIMIZATION_LEVEL = "-O";
				VALIDATE_PRODUCT = YES;
			};
			name = Release;
		};
		1B351E0725CC752900383A30 /* Debug */ = {
			isa = XCBuildConfiguration;
			buildSettings = {
				ASSETCATALOG_COMPILER_APPICON_NAME = AppIcon;
				ASSETCATALOG_COMPILER_GLOBAL_ACCENT_COLOR_NAME = AccentColor;
				CODE_SIGN_STYLE = Automatic;
				DEVELOPMENT_TEAM = 34VDSPZYU9;
				INFOPLIST_FILE = "$(SRCROOT)/Pryaniky/Supporting Files/Info.plist";
				IPHONEOS_DEPLOYMENT_TARGET = 13.0;
				LD_RUNPATH_SEARCH_PATHS = (
					"$(inherited)",
					"@executable_path/Frameworks",
				);
				PRODUCT_BUNDLE_IDENTIFIER = com.sosinvitalii.Pryaniky;
				PRODUCT_NAME = "$(TARGET_NAME)";
				SWIFT_VERSION = 5.0;
				TARGETED_DEVICE_FAMILY = 1;
			};
			name = Debug;
		};
		1B351E0825CC752900383A30 /* Release */ = {
			isa = XCBuildConfiguration;
			buildSettings = {
				ASSETCATALOG_COMPILER_APPICON_NAME = AppIcon;
				ASSETCATALOG_COMPILER_GLOBAL_ACCENT_COLOR_NAME = AccentColor;
				CODE_SIGN_STYLE = Automatic;
				DEVELOPMENT_TEAM = 34VDSPZYU9;
				INFOPLIST_FILE = "$(SRCROOT)/Pryaniky/Supporting Files/Info.plist";
				IPHONEOS_DEPLOYMENT_TARGET = 13.0;
				LD_RUNPATH_SEARCH_PATHS = (
					"$(inherited)",
					"@executable_path/Frameworks",
				);
				PRODUCT_BUNDLE_IDENTIFIER = com.sosinvitalii.Pryaniky;
				PRODUCT_NAME = "$(TARGET_NAME)";
				SWIFT_VERSION = 5.0;
				TARGETED_DEVICE_FAMILY = 1;
			};
			name = Release;
		};
/* End XCBuildConfiguration section */

/* Begin XCConfigurationList section */
		1B351DED25CC752900383A30 /* Build configuration list for PBXProject "Pryaniky" */ = {
			isa = XCConfigurationList;
			buildConfigurations = (
				1B351E0425CC752900383A30 /* Debug */,
				1B351E0525CC752900383A30 /* Release */,
			);
			defaultConfigurationIsVisible = 0;
			defaultConfigurationName = Release;
		};
		1B351E0625CC752900383A30 /* Build configuration list for PBXNativeTarget "Pryaniky" */ = {
			isa = XCConfigurationList;
			buildConfigurations = (
				1B351E0725CC752900383A30 /* Debug */,
				1B351E0825CC752900383A30 /* Release */,
			);
			defaultConfigurationIsVisible = 0;
			defaultConfigurationName = Release;
		};
/* End XCConfigurationList section */
	};
	rootObject = 1B351DEA25CC752900383A30 /* Project object */;
}
